PODS:
  - Alamofire (4.9.1)
  - APIKit/Core (0.1.2):
    - Alamofire (~> 4.9)
    - Moya (~> 13.0)
    - ObjectMapper (~> 3.5)
    - PromiseKit (~> 6.12)
    - SwiftyJSON (~> 5.0)
  - APIKit/RxSwift (0.1.2):
    - Alamofire (~> 4.9)
    - APIKit/Core
    - Moya (~> 13.0)
    - Moya/RxSwift
    - ObjectMapper (~> 3.5)
    - PromiseKit (~> 6.12)
    - SwiftyJSON (~> 5.0)
  - Moya (13.0.1):
    - Moya/Core (= 13.0.1)
  - Moya/Core (13.0.1):
    - Alamofire (~> 4.1)
    - Result (~> 4.1)
  - Moya/RxSwift (13.0.1):
    - Moya/Core
    - RxSwift (~> 4.0)
  - Nimble (8.0.4)
  - ObjectMapper (3.5.1)
  - PromiseKit (6.12.0):
    - PromiseKit/CorePromise (= 6.12.0)
    - PromiseKit/Foundation (= 6.12.0)
    - PromiseKit/UIKit (= 6.12.0)
  - PromiseKit/CorePromise (6.12.0)
  - PromiseKit/Foundation (6.12.0):
    - PromiseKit/CorePromise
  - PromiseKit/UIKit (6.12.0):
    - PromiseKit/CorePromise
  - Quick (2.2.0)
  - Result (4.1.0)
  - RxSwift (4.5.0)
  - SwiftyJSON (5.0.0)

DEPENDENCIES:
  - APIKit/RxSwift (from `../`)
  - Nimble (~> 8.0)
  - Quick (~> 2.0)

SPEC REPOS:
  https://cdn.cocoapods.org/:
    - Alamofire
    - Moya
    - Nimble
    - ObjectMapper
    - PromiseKit
    - Quick
    - Result
    - RxSwift
    - SwiftyJSON

EXTERNAL SOURCES:
  APIKit:
    :path: "../"

SPEC CHECKSUMS:
  Alamofire: 85e8a02c69d6020a0d734f6054870d7ecb75cf18
  APIKit: a6fd21ed997b2d5a33b9e1e32530e8a9c2cc4000
  Moya: f4a4b80ff2f8a4ffc208dfb31cd91636622fee6e
  Nimble: 18d5360282923225d62b09d781f63abc1a0111fc
  ObjectMapper: 70187b8941977c62ccfb423caf6b50be405cabf0
  PromiseKit: c06835ba442ce5454ce3cdde470232804a6e4ff8
  Quick: 7fb19e13be07b5dfb3b90d4f9824c855a11af40e
  Result: bd966fac789cc6c1563440b348ab2598cc24d5c7
  RxSwift: f172070dfd1a93d70a9ab97a5a01166206e1c575
  SwiftyJSON: 36413e04c44ee145039d332b4f4e2d3e8d6c4db7

PODFILE CHECKSUM: 7f521659164b5c3aa616154cab1facbd2cef1f63

COCOAPODS: 1.8.4
